// !$*UTF8*$!
{
	archiveVersion = 1;
	classes = {
	};
	objectVersion = 56;
	objects = {

/* Begin PBXBuildFile section */
		FA3C6BAC2A89686A00B9FFC8 /* CoinModel.swift in Sources */ = {isa = PBXBuildFile; fileRef = FA3C6BAB2A89686A00B9FFC8 /* CoinModel.swift */; };
		FA3C6BAF2A898B3D00B9FFC8 /* Braze_Version_2.0 in Resources */ = {isa = PBXBuildFile; fileRef = FA3C6BAE2A898B3D00B9FFC8 /* Braze_Version_2.0 */; };
		FA3C6BB12A898B6000B9FFC8 /* LaunchScreenStateManager.swift in Sources */ = {isa = PBXBuildFile; fileRef = FA3C6BB02A898B6000B9FFC8 /* LaunchScreenStateManager.swift */; };
		FAB5F3B42A890A9400B5A5AC /* Braze_Version_2_0App.swift in Sources */ = {isa = PBXBuildFile; fileRef = FAB5F3B32A890A9400B5A5AC /* Braze_Version_2_0App.swift */; };
		FAB5F3B62A890A9400B5A5AC /* HomeView.swift in Sources */ = {isa = PBXBuildFile; fileRef = FAB5F3B52A890A9400B5A5AC /* HomeView.swift */; };
		FAB5F3B82A890A9800B5A5AC /* Assets.xcassets in Resources */ = {isa = PBXBuildFile; fileRef = FAB5F3B72A890A9800B5A5AC /* Assets.xcassets */; };
		FAB5F3BB2A890A9800B5A5AC /* Preview Assets.xcassets in Resources */ = {isa = PBXBuildFile; fileRef = FAB5F3BA2A890A9800B5A5AC /* Preview Assets.xcassets */; };
		FAB5F3C02A890A9800B5A5AC /* PortfolioEntity.xcdatamodeld in Sources */ = {isa = PBXBuildFile; fileRef = FAB5F3BE2A890A9800B5A5AC /* PortfolioEntity.xcdatamodeld */; };
		FAB5F3CA2A890A9800B5A5AC /* Braze_Version_2_0Tests.swift in Sources */ = {isa = PBXBuildFile; fileRef = FAB5F3C92A890A9800B5A5AC /* Braze_Version_2_0Tests.swift */; };
		FAB5F3D42A890A9800B5A5AC /* Braze_Version_2_0UITests.swift in Sources */ = {isa = PBXBuildFile; fileRef = FAB5F3D32A890A9800B5A5AC /* Braze_Version_2_0UITests.swift */; };
		FAB5F3D62A890A9900B5A5AC /* Braze_Version_2_0UITestsLaunchTests.swift in Sources */ = {isa = PBXBuildFile; fileRef = FAB5F3D52A890A9900B5A5AC /* Braze_Version_2_0UITestsLaunchTests.swift */; };
		FAB5F3EC2A89128B00B5A5AC /* StatisticsModel.swift in Sources */ = {isa = PBXBuildFile; fileRef = FAB5F3EB2A89128B00B5A5AC /* StatisticsModel.swift */; };
		FAB5F3EE2A8912DE00B5A5AC /* MarketDataModel.swift in Sources */ = {isa = PBXBuildFile; fileRef = FAB5F3ED2A8912DE00B5A5AC /* MarketDataModel.swift */; };
		FAB5F3F22A89149300B5A5AC /* Extension.swift in Sources */ = {isa = PBXBuildFile; fileRef = FAB5F3F12A89149300B5A5AC /* Extension.swift */; };
		FAB5F3F42A8914AD00B5A5AC /* PreviewProvider.swift in Sources */ = {isa = PBXBuildFile; fileRef = FAB5F3F32A8914AD00B5A5AC /* PreviewProvider.swift */; };
		FAB5F3F62A8914C400B5A5AC /* Color.swift in Sources */ = {isa = PBXBuildFile; fileRef = FAB5F3F52A8914C400B5A5AC /* Color.swift */; };
		FAB5F3F82A89152D00B5A5AC /* Double.swift in Sources */ = {isa = PBXBuildFile; fileRef = FAB5F3F72A89152D00B5A5AC /* Double.swift */; };
		FAB5F3FA2A89157F00B5A5AC /* ScaledFont.swift in Sources */ = {isa = PBXBuildFile; fileRef = FAB5F3F92A89157F00B5A5AC /* ScaledFont.swift */; };
		FAB5F3FC2A89167100B5A5AC /* Animation.swift in Sources */ = {isa = PBXBuildFile; fileRef = FAB5F3FB2A89167000B5A5AC /* Animation.swift */; };
		FAB5F3FE2A89167E00B5A5AC /* AnimatedCircles.swift in Sources */ = {isa = PBXBuildFile; fileRef = FAB5F3FD2A89167E00B5A5AC /* AnimatedCircles.swift */; };
		FAB5F4012A89171E00B5A5AC /* HomeViewModel.swift in Sources */ = {isa = PBXBuildFile; fileRef = FAB5F4002A89171E00B5A5AC /* HomeViewModel.swift */; };
		FAB5F4072A89176600B5A5AC /* PortfolioRowViews.swift in Sources */ = {isa = PBXBuildFile; fileRef = FAB5F4022A89176500B5A5AC /* PortfolioRowViews.swift */; };
		FAB5F4082A89176600B5A5AC /* CoinRowViews.swift in Sources */ = {isa = PBXBuildFile; fileRef = FAB5F4032A89176500B5A5AC /* CoinRowViews.swift */; };
		FAB5F4092A89176600B5A5AC /* NoCoinView.swift in Sources */ = {isa = PBXBuildFile; fileRef = FAB5F4042A89176500B5A5AC /* NoCoinView.swift */; };
		FAB5F40A2A89176600B5A5AC /* AddCoinPortfolioView.swift in Sources */ = {isa = PBXBuildFile; fileRef = FAB5F4052A89176600B5A5AC /* AddCoinPortfolioView.swift */; };
		FAB5F40B2A89176600B5A5AC /* CoinInfoSnippetView.swift in Sources */ = {isa = PBXBuildFile; fileRef = FAB5F4062A89176600B5A5AC /* CoinInfoSnippetView.swift */; };
		FAB5F4102A89187600B5A5AC /* CoinLogoView.swift in Sources */ = {isa = PBXBuildFile; fileRef = FAB5F40D2A89187600B5A5AC /* CoinLogoView.swift */; };
		FAB5F4112A89187600B5A5AC /* CoinImageViewModel.swift in Sources */ = {isa = PBXBuildFile; fileRef = FAB5F40E2A89187600B5A5AC /* CoinImageViewModel.swift */; };
		FAB5F4122A89187600B5A5AC /* CoinImageView.swift in Sources */ = {isa = PBXBuildFile; fileRef = FAB5F40F2A89187600B5A5AC /* CoinImageView.swift */; };
		FAB5F4192A89188400B5A5AC /* CircleButtonView.swift in Sources */ = {isa = PBXBuildFile; fileRef = FAB5F4142A89188400B5A5AC /* CircleButtonView.swift */; };
		FAB5F41A2A89188400B5A5AC /* XMarkButton.swift in Sources */ = {isa = PBXBuildFile; fileRef = FAB5F4152A89188400B5A5AC /* XMarkButton.swift */; };
		FAB5F41B2A89188400B5A5AC /* ProfileButtons.swift in Sources */ = {isa = PBXBuildFile; fileRef = FAB5F4162A89188400B5A5AC /* ProfileButtons.swift */; };
		FAB5F41C2A89188400B5A5AC /* LongButton.swift in Sources */ = {isa = PBXBuildFile; fileRef = FAB5F4172A89188400B5A5AC /* LongButton.swift */; };
		FAB5F41D2A89188400B5A5AC /* SaveButtonAnimated.swift in Sources */ = {isa = PBXBuildFile; fileRef = FAB5F4182A89188400B5A5AC /* SaveButtonAnimated.swift */; };
		FAB5F4232A89191B00B5A5AC /* InputStyle.swift in Sources */ = {isa = PBXBuildFile; fileRef = FAB5F41E2A89191A00B5A5AC /* InputStyle.swift */; };
		FAB5F4242A89191B00B5A5AC /* ForegroundLinearGradient.swift in Sources */ = {isa = PBXBuildFile; fileRef = FAB5F41F2A89191A00B5A5AC /* ForegroundLinearGradient.swift */; };
		FAB5F4252A89191B00B5A5AC /* StrokeStyle.swift in Sources */ = {isa = PBXBuildFile; fileRef = FAB5F4202A89191B00B5A5AC /* StrokeStyle.swift */; };
		FAB5F4262A89191B00B5A5AC /* AngularButtonStyle.swift in Sources */ = {isa = PBXBuildFile; fileRef = FAB5F4212A89191B00B5A5AC /* AngularButtonStyle.swift */; };
		FAB5F4272A89191B00B5A5AC /* RoundedCorner.swift in Sources */ = {isa = PBXBuildFile; fileRef = FAB5F4222A89191B00B5A5AC /* RoundedCorner.swift */; };
		FAB5F42C2A89197400B5A5AC /* SearchBarView.swift in Sources */ = {isa = PBXBuildFile; fileRef = FAB5F4282A89197400B5A5AC /* SearchBarView.swift */; };
		FAB5F42D2A89197400B5A5AC /* ExpandableText.swift in Sources */ = {isa = PBXBuildFile; fileRef = FAB5F4292A89197400B5A5AC /* ExpandableText.swift */; };
		FAB5F42E2A89197400B5A5AC /* HeaderView.swift in Sources */ = {isa = PBXBuildFile; fileRef = FAB5F42A2A89197400B5A5AC /* HeaderView.swift */; };
		FAB5F42F2A89197400B5A5AC /* MarketStatisticsCard.swift in Sources */ = {isa = PBXBuildFile; fileRef = FAB5F42B2A89197400B5A5AC /* MarketStatisticsCard.swift */; };
		FAB5F4342A8919B700B5A5AC /* PortfolioDataService.swift in Sources */ = {isa = PBXBuildFile; fileRef = FAB5F4302A8919B700B5A5AC /* PortfolioDataService.swift */; };
		FAB5F4352A8919B700B5A5AC /* CoinDataService.swift in Sources */ = {isa = PBXBuildFile; fileRef = FAB5F4312A8919B700B5A5AC /* CoinDataService.swift */; };
		FAB5F4362A8919B700B5A5AC /* CoinImageService.swift in Sources */ = {isa = PBXBuildFile; fileRef = FAB5F4322A8919B700B5A5AC /* CoinImageService.swift */; };
		FAB5F4372A8919B700B5A5AC /* MarketDataService.swift in Sources */ = {isa = PBXBuildFile; fileRef = FAB5F4332A8919B700B5A5AC /* MarketDataService.swift */; };
		FAB5F43C2A891AEE00B5A5AC /* LocalFileManager.swift in Sources */ = {isa = PBXBuildFile; fileRef = FAB5F4382A891AEE00B5A5AC /* LocalFileManager.swift */; };
		FAB5F43D2A891AEE00B5A5AC /* PreferenceKeys.swift in Sources */ = {isa = PBXBuildFile; fileRef = FAB5F4392A891AEE00B5A5AC /* PreferenceKeys.swift */; };
		FAB5F43E2A891AEE00B5A5AC /* HapticManager.swift in Sources */ = {isa = PBXBuildFile; fileRef = FAB5F43A2A891AEE00B5A5AC /* HapticManager.swift */; };
		FAB5F43F2A891AEE00B5A5AC /* NetworkingManager.swift in Sources */ = {isa = PBXBuildFile; fileRef = FAB5F43B2A891AEE00B5A5AC /* NetworkingManager.swift */; };
/* End PBXBuildFile section */

/* Begin PBXContainerItemProxy section */
		FAB5F3C62A890A9800B5A5AC /* PBXContainerItemProxy */ = {
			isa = PBXContainerItemProxy;
			containerPortal = FAB5F3A82A890A9400B5A5AC /* Project object */;
			proxyType = 1;
			remoteGlobalIDString = FAB5F3AF2A890A9400B5A5AC;
			remoteInfo = Braze_Version_2.0;
		};
		FAB5F3D02A890A9800B5A5AC /* PBXContainerItemProxy */ = {
			isa = PBXContainerItemProxy;
			containerPortal = FAB5F3A82A890A9400B5A5AC /* Project object */;
			proxyType = 1;
			remoteGlobalIDString = FAB5F3AF2A890A9400B5A5AC;
			remoteInfo = Braze_Version_2.0;
		};
/* End PBXContainerItemProxy section */

/* Begin PBXFileReference section */
		FA3C6BAB2A89686A00B9FFC8 /* CoinModel.swift */ = {isa = PBXFileReference; fileEncoding = 4; lastKnownFileType = sourcecode.swift; path = CoinModel.swift; sourceTree = "<group>"; };
		FA3C6BAD2A8984BE00B9FFC8 /* Braze-Version-2-0-Info.plist */ = {isa = PBXFileReference; lastKnownFileType = text.plist; path = "Braze-Version-2-0-Info.plist"; sourceTree = SOURCE_ROOT; };
		FA3C6BAE2A898B3D00B9FFC8 /* Braze_Version_2.0 */ = {isa = PBXFileReference; lastKnownFileType = folder; path = Braze_Version_2.0; sourceTree = "<group>"; };
		FA3C6BB02A898B6000B9FFC8 /* LaunchScreenStateManager.swift */ = {isa = PBXFileReference; fileEncoding = 4; lastKnownFileType = sourcecode.swift; path = LaunchScreenStateManager.swift; sourceTree = "<group>"; };
		FAB5F3B02A890A9400B5A5AC /* Braze_Version_2.0.app */ = {isa = PBXFileReference; explicitFileType = wrapper.application; includeInIndex = 0; path = Braze_Version_2.0.app; sourceTree = BUILT_PRODUCTS_DIR; };
		FAB5F3B32A890A9400B5A5AC /* Braze_Version_2_0App.swift */ = {isa = PBXFileReference; lastKnownFileType = sourcecode.swift; path = Braze_Version_2_0App.swift; sourceTree = "<group>"; };
		FAB5F3B52A890A9400B5A5AC /* HomeView.swift */ = {isa = PBXFileReference; lastKnownFileType = sourcecode.swift; path = HomeView.swift; sourceTree = "<group>"; };
		FAB5F3B72A890A9800B5A5AC /* Assets.xcassets */ = {isa = PBXFileReference; lastKnownFileType = folder.assetcatalog; path = Assets.xcassets; sourceTree = "<group>"; };
		FAB5F3BA2A890A9800B5A5AC /* Preview Assets.xcassets */ = {isa = PBXFileReference; lastKnownFileType = folder.assetcatalog; path = "Preview Assets.xcassets"; sourceTree = "<group>"; };
		FAB5F3BF2A890A9800B5A5AC /* Braze_Version_2_0.xcdatamodel */ = {isa = PBXFileReference; lastKnownFileType = wrapper.xcdatamodel; path = Braze_Version_2_0.xcdatamodel; sourceTree = "<group>"; };
		FAB5F3C52A890A9800B5A5AC /* Braze_Version_2.0Tests.xctest */ = {isa = PBXFileReference; explicitFileType = wrapper.cfbundle; includeInIndex = 0; path = Braze_Version_2.0Tests.xctest; sourceTree = BUILT_PRODUCTS_DIR; };
		FAB5F3C92A890A9800B5A5AC /* Braze_Version_2_0Tests.swift */ = {isa = PBXFileReference; lastKnownFileType = sourcecode.swift; path = Braze_Version_2_0Tests.swift; sourceTree = "<group>"; };
		FAB5F3CF2A890A9800B5A5AC /* Braze_Version_2.0UITests.xctest */ = {isa = PBXFileReference; explicitFileType = wrapper.cfbundle; includeInIndex = 0; path = Braze_Version_2.0UITests.xctest; sourceTree = BUILT_PRODUCTS_DIR; };
		FAB5F3D32A890A9800B5A5AC /* Braze_Version_2_0UITests.swift */ = {isa = PBXFileReference; lastKnownFileType = sourcecode.swift; path = Braze_Version_2_0UITests.swift; sourceTree = "<group>"; };
		FAB5F3D52A890A9900B5A5AC /* Braze_Version_2_0UITestsLaunchTests.swift */ = {isa = PBXFileReference; lastKnownFileType = sourcecode.swift; path = Braze_Version_2_0UITestsLaunchTests.swift; sourceTree = "<group>"; };
		FAB5F3EB2A89128B00B5A5AC /* StatisticsModel.swift */ = {isa = PBXFileReference; fileEncoding = 4; lastKnownFileType = sourcecode.swift; path = StatisticsModel.swift; sourceTree = "<group>"; };
		FAB5F3ED2A8912DE00B5A5AC /* MarketDataModel.swift */ = {isa = PBXFileReference; fileEncoding = 4; lastKnownFileType = sourcecode.swift; path = MarketDataModel.swift; sourceTree = "<group>"; };
		FAB5F3F12A89149300B5A5AC /* Extension.swift */ = {isa = PBXFileReference; fileEncoding = 4; lastKnownFileType = sourcecode.swift; path = Extension.swift; sourceTree = "<group>"; };
		FAB5F3F32A8914AD00B5A5AC /* PreviewProvider.swift */ = {isa = PBXFileReference; fileEncoding = 4; lastKnownFileType = sourcecode.swift; path = PreviewProvider.swift; sourceTree = "<group>"; };
		FAB5F3F52A8914C400B5A5AC /* Color.swift */ = {isa = PBXFileReference; fileEncoding = 4; lastKnownFileType = sourcecode.swift; path = Color.swift; sourceTree = "<group>"; };
		FAB5F3F72A89152D00B5A5AC /* Double.swift */ = {isa = PBXFileReference; fileEncoding = 4; lastKnownFileType = sourcecode.swift; path = Double.swift; sourceTree = "<group>"; };
		FAB5F3F92A89157F00B5A5AC /* ScaledFont.swift */ = {isa = PBXFileReference; fileEncoding = 4; lastKnownFileType = sourcecode.swift; path = ScaledFont.swift; sourceTree = "<group>"; };
		FAB5F3FB2A89167000B5A5AC /* Animation.swift */ = {isa = PBXFileReference; fileEncoding = 4; lastKnownFileType = sourcecode.swift; path = Animation.swift; sourceTree = "<group>"; };
		FAB5F3FD2A89167E00B5A5AC /* AnimatedCircles.swift */ = {isa = PBXFileReference; fileEncoding = 4; lastKnownFileType = sourcecode.swift; path = AnimatedCircles.swift; sourceTree = "<group>"; };
		FAB5F4002A89171E00B5A5AC /* HomeViewModel.swift */ = {isa = PBXFileReference; fileEncoding = 4; lastKnownFileType = sourcecode.swift; path = HomeViewModel.swift; sourceTree = "<group>"; };
		FAB5F4022A89176500B5A5AC /* PortfolioRowViews.swift */ = {isa = PBXFileReference; fileEncoding = 4; lastKnownFileType = sourcecode.swift; path = PortfolioRowViews.swift; sourceTree = "<group>"; };
		FAB5F4032A89176500B5A5AC /* CoinRowViews.swift */ = {isa = PBXFileReference; fileEncoding = 4; lastKnownFileType = sourcecode.swift; path = CoinRowViews.swift; sourceTree = "<group>"; };
		FAB5F4042A89176500B5A5AC /* NoCoinView.swift */ = {isa = PBXFileReference; fileEncoding = 4; lastKnownFileType = sourcecode.swift; path = NoCoinView.swift; sourceTree = "<group>"; };
		FAB5F4052A89176600B5A5AC /* AddCoinPortfolioView.swift */ = {isa = PBXFileReference; fileEncoding = 4; lastKnownFileType = sourcecode.swift; path = AddCoinPortfolioView.swift; sourceTree = "<group>"; };
		FAB5F4062A89176600B5A5AC /* CoinInfoSnippetView.swift */ = {isa = PBXFileReference; fileEncoding = 4; lastKnownFileType = sourcecode.swift; path = CoinInfoSnippetView.swift; sourceTree = "<group>"; };
		FAB5F40D2A89187600B5A5AC /* CoinLogoView.swift */ = {isa = PBXFileReference; fileEncoding = 4; lastKnownFileType = sourcecode.swift; path = CoinLogoView.swift; sourceTree = "<group>"; };
		FAB5F40E2A89187600B5A5AC /* CoinImageViewModel.swift */ = {isa = PBXFileReference; fileEncoding = 4; lastKnownFileType = sourcecode.swift; path = CoinImageViewModel.swift; sourceTree = "<group>"; };
		FAB5F40F2A89187600B5A5AC /* CoinImageView.swift */ = {isa = PBXFileReference; fileEncoding = 4; lastKnownFileType = sourcecode.swift; path = CoinImageView.swift; sourceTree = "<group>"; };
		FAB5F4142A89188400B5A5AC /* CircleButtonView.swift */ = {isa = PBXFileReference; fileEncoding = 4; lastKnownFileType = sourcecode.swift; path = CircleButtonView.swift; sourceTree = "<group>"; };
		FAB5F4152A89188400B5A5AC /* XMarkButton.swift */ = {isa = PBXFileReference; fileEncoding = 4; lastKnownFileType = sourcecode.swift; path = XMarkButton.swift; sourceTree = "<group>"; };
		FAB5F4162A89188400B5A5AC /* ProfileButtons.swift */ = {isa = PBXFileReference; fileEncoding = 4; lastKnownFileType = sourcecode.swift; path = ProfileButtons.swift; sourceTree = "<group>"; };
		FAB5F4172A89188400B5A5AC /* LongButton.swift */ = {isa = PBXFileReference; fileEncoding = 4; lastKnownFileType = sourcecode.swift; path = LongButton.swift; sourceTree = "<group>"; };
		FAB5F4182A89188400B5A5AC /* SaveButtonAnimated.swift */ = {isa = PBXFileReference; fileEncoding = 4; lastKnownFileType = sourcecode.swift; path = SaveButtonAnimated.swift; sourceTree = "<group>"; };
		FAB5F41E2A89191A00B5A5AC /* InputStyle.swift */ = {isa = PBXFileReference; fileEncoding = 4; lastKnownFileType = sourcecode.swift; path = InputStyle.swift; sourceTree = "<group>"; };
		FAB5F41F2A89191A00B5A5AC /* ForegroundLinearGradient.swift */ = {isa = PBXFileReference; fileEncoding = 4; lastKnownFileType = sourcecode.swift; path = ForegroundLinearGradient.swift; sourceTree = "<group>"; };
		FAB5F4202A89191B00B5A5AC /* StrokeStyle.swift */ = {isa = PBXFileReference; fileEncoding = 4; lastKnownFileType = sourcecode.swift; path = StrokeStyle.swift; sourceTree = "<group>"; };
		FAB5F4212A89191B00B5A5AC /* AngularButtonStyle.swift */ = {isa = PBXFileReference; fileEncoding = 4; lastKnownFileType = sourcecode.swift; path = AngularButtonStyle.swift; sourceTree = "<group>"; };
		FAB5F4222A89191B00B5A5AC /* RoundedCorner.swift */ = {isa = PBXFileReference; fileEncoding = 4; lastKnownFileType = sourcecode.swift; path = RoundedCorner.swift; sourceTree = "<group>"; };
		FAB5F4282A89197400B5A5AC /* SearchBarView.swift */ = {isa = PBXFileReference; fileEncoding = 4; lastKnownFileType = sourcecode.swift; path = SearchBarView.swift; sourceTree = "<group>"; };
		FAB5F4292A89197400B5A5AC /* ExpandableText.swift */ = {isa = PBXFileReference; fileEncoding = 4; lastKnownFileType = sourcecode.swift; path = ExpandableText.swift; sourceTree = "<group>"; };
		FAB5F42A2A89197400B5A5AC /* HeaderView.swift */ = {isa = PBXFileReference; fileEncoding = 4; lastKnownFileType = sourcecode.swift; path = HeaderView.swift; sourceTree = "<group>"; };
		FAB5F42B2A89197400B5A5AC /* MarketStatisticsCard.swift */ = {isa = PBXFileReference; fileEncoding = 4; lastKnownFileType = sourcecode.swift; path = MarketStatisticsCard.swift; sourceTree = "<group>"; };
		FAB5F4302A8919B700B5A5AC /* PortfolioDataService.swift */ = {isa = PBXFileReference; fileEncoding = 4; lastKnownFileType = sourcecode.swift; path = PortfolioDataService.swift; sourceTree = "<group>"; };
		FAB5F4312A8919B700B5A5AC /* CoinDataService.swift */ = {isa = PBXFileReference; fileEncoding = 4; lastKnownFileType = sourcecode.swift; path = CoinDataService.swift; sourceTree = "<group>"; };
		FAB5F4322A8919B700B5A5AC /* CoinImageService.swift */ = {isa = PBXFileReference; fileEncoding = 4; lastKnownFileType = sourcecode.swift; path = CoinImageService.swift; sourceTree = "<group>"; };
		FAB5F4332A8919B700B5A5AC /* MarketDataService.swift */ = {isa = PBXFileReference; fileEncoding = 4; lastKnownFileType = sourcecode.swift; path = MarketDataService.swift; sourceTree = "<group>"; };
		FAB5F4382A891AEE00B5A5AC /* LocalFileManager.swift */ = {isa = PBXFileReference; fileEncoding = 4; lastKnownFileType = sourcecode.swift; path = LocalFileManager.swift; sourceTree = "<group>"; };
		FAB5F4392A891AEE00B5A5AC /* PreferenceKeys.swift */ = {isa = PBXFileReference; fileEncoding = 4; lastKnownFileType = sourcecode.swift; path = PreferenceKeys.swift; sourceTree = "<group>"; };
		FAB5F43A2A891AEE00B5A5AC /* HapticManager.swift */ = {isa = PBXFileReference; fileEncoding = 4; lastKnownFileType = sourcecode.swift; path = HapticManager.swift; sourceTree = "<group>"; };
		FAB5F43B2A891AEE00B5A5AC /* NetworkingManager.swift */ = {isa = PBXFileReference; fileEncoding = 4; lastKnownFileType = sourcecode.swift; path = NetworkingManager.swift; sourceTree = "<group>"; };
/* End PBXFileReference section */

/* Begin PBXFrameworksBuildPhase section */
		FAB5F3AD2A890A9400B5A5AC /* Frameworks */ = {
			isa = PBXFrameworksBuildPhase;
			buildActionMask = 2147483647;
			files = (
			);
			runOnlyForDeploymentPostprocessing = 0;
		};
		FAB5F3C22A890A9800B5A5AC /* Frameworks */ = {
			isa = PBXFrameworksBuildPhase;
			buildActionMask = 2147483647;
			files = (
			);
			runOnlyForDeploymentPostprocessing = 0;
		};
		FAB5F3CC2A890A9800B5A5AC /* Frameworks */ = {
			isa = PBXFrameworksBuildPhase;
			buildActionMask = 2147483647;
			files = (
			);
			runOnlyForDeploymentPostprocessing = 0;
		};
/* End PBXFrameworksBuildPhase section */

/* Begin PBXGroup section */
		FAB5F3A72A890A9400B5A5AC = {
			isa = PBXGroup;
			children = (
				FAB5F3B22A890A9400B5A5AC /* Braze_Version_2.0 */,
				FA3C6BAE2A898B3D00B9FFC8 /* Braze_Version_2.0 */,
				FAB5F3C82A890A9800B5A5AC /* Braze_Version_2.0Tests */,
				FAB5F3D22A890A9800B5A5AC /* Braze_Version_2.0UITests */,
				FAB5F3B12A890A9400B5A5AC /* Products */,
			);
			sourceTree = "<group>";
		};
		FAB5F3B12A890A9400B5A5AC /* Products */ = {
			isa = PBXGroup;
			children = (
				FAB5F3B02A890A9400B5A5AC /* Braze_Version_2.0.app */,
				FAB5F3C52A890A9800B5A5AC /* Braze_Version_2.0Tests.xctest */,
				FAB5F3CF2A890A9800B5A5AC /* Braze_Version_2.0UITests.xctest */,
			);
			name = Products;
			sourceTree = "<group>";
		};
		FAB5F3B22A890A9400B5A5AC /* Braze_Version_2.0 */ = {
			isa = PBXGroup;
			children = (
				FA3C6BAD2A8984BE00B9FFC8 /* Braze-Version-2-0-Info.plist */,
				FAB5F3B32A890A9400B5A5AC /* Braze_Version_2_0App.swift */,
				FAB5F3EA2A890CA900B5A5AC /* Animations */,
				FAB5F3E82A890C9800B5A5AC /* Assets */,
				FAB5F3E42A890C6700B5A5AC /* Components */,
				FAB5F3E72A890C8B00B5A5AC /* Extensions */,
				FAB5F3E52A890C6F00B5A5AC /* Models */,
				FAB5F3E32A890C5F00B5A5AC /* Services */,
				FAB5F3E92A890CA000B5A5AC /* Styles */,
				FAB5F3E22A890C5400B5A5AC /* Utilities */,
				FAB5F3E62A890C7500B5A5AC /* Views */,
				FAB5F3FF2A89171E00B5A5AC /* ViewModels */,
				FAB5F3B92A890A9800B5A5AC /* Preview Content */,
			);
			path = Braze_Version_2.0;
			sourceTree = "<group>";
		};
		FAB5F3B92A890A9800B5A5AC /* Preview Content */ = {
			isa = PBXGroup;
			children = (
				FAB5F3BA2A890A9800B5A5AC /* Preview Assets.xcassets */,
			);
			path = "Preview Content";
			sourceTree = "<group>";
		};
		FAB5F3C82A890A9800B5A5AC /* Braze_Version_2.0Tests */ = {
			isa = PBXGroup;
			children = (
				FAB5F3C92A890A9800B5A5AC /* Braze_Version_2_0Tests.swift */,
			);
			path = Braze_Version_2.0Tests;
			sourceTree = "<group>";
		};
		FAB5F3D22A890A9800B5A5AC /* Braze_Version_2.0UITests */ = {
			isa = PBXGroup;
			children = (
				FAB5F3D32A890A9800B5A5AC /* Braze_Version_2_0UITests.swift */,
				FAB5F3D52A890A9900B5A5AC /* Braze_Version_2_0UITestsLaunchTests.swift */,
			);
			path = Braze_Version_2.0UITests;
			sourceTree = "<group>";
		};
		FAB5F3E22A890C5400B5A5AC /* Utilities */ = {
			isa = PBXGroup;
			children = (
				FAB5F43A2A891AEE00B5A5AC /* HapticManager.swift */,
				FAB5F4382A891AEE00B5A5AC /* LocalFileManager.swift */,
				FAB5F43B2A891AEE00B5A5AC /* NetworkingManager.swift */,
				FAB5F4392A891AEE00B5A5AC /* PreferenceKeys.swift */,
			);
			path = Utilities;
			sourceTree = "<group>";
		};
		FAB5F3E32A890C5F00B5A5AC /* Services */ = {
			isa = PBXGroup;
			children = (
				FAB5F4312A8919B700B5A5AC /* CoinDataService.swift */,
				FAB5F4322A8919B700B5A5AC /* CoinImageService.swift */,
				FAB5F4332A8919B700B5A5AC /* MarketDataService.swift */,
				FAB5F4302A8919B700B5A5AC /* PortfolioDataService.swift */,
			);
			path = Services;
			sourceTree = "<group>";
		};
		FAB5F3E42A890C6700B5A5AC /* Components */ = {
			isa = PBXGroup;
			children = (
				FAB5F4292A89197400B5A5AC /* ExpandableText.swift */,
				FAB5F42A2A89197400B5A5AC /* HeaderView.swift */,
				FAB5F42B2A89197400B5A5AC /* MarketStatisticsCard.swift */,
				FAB5F4282A89197400B5A5AC /* SearchBarView.swift */,
				FAB5F4132A89188400B5A5AC /* Buttons */,
				FAB5F40C2A89187600B5A5AC /* CoinImage */,
			);
			path = Components;
			sourceTree = "<group>";
		};
		FAB5F3E52A890C6F00B5A5AC /* Models */ = {
			isa = PBXGroup;
			children = (
				FA3C6BB02A898B6000B9FFC8 /* LaunchScreenStateManager.swift */,
				FAB5F3ED2A8912DE00B5A5AC /* MarketDataModel.swift */,
				FA3C6BAB2A89686A00B9FFC8 /* CoinModel.swift */,
				FAB5F3EB2A89128B00B5A5AC /* StatisticsModel.swift */,
				FAB5F3BE2A890A9800B5A5AC /* PortfolioEntity.xcdatamodeld */,
			);
			path = Models;
			sourceTree = "<group>";
		};
		FAB5F3E62A890C7500B5A5AC /* Views */ = {
			isa = PBXGroup;
			children = (
				FAB5F3B52A890A9400B5A5AC /* HomeView.swift */,
				FAB5F4052A89176600B5A5AC /* AddCoinPortfolioView.swift */,
				FAB5F4062A89176600B5A5AC /* CoinInfoSnippetView.swift */,
				FAB5F4032A89176500B5A5AC /* CoinRowViews.swift */,
				FAB5F4042A89176500B5A5AC /* NoCoinView.swift */,
				FAB5F4022A89176500B5A5AC /* PortfolioRowViews.swift */,
			);
			path = Views;
			sourceTree = "<group>";
		};
		FAB5F3E72A890C8B00B5A5AC /* Extensions */ = {
			isa = PBXGroup;
			children = (
				FAB5F3F52A8914C400B5A5AC /* Color.swift */,
				FAB5F3F72A89152D00B5A5AC /* Double.swift */,
				FAB5F3F12A89149300B5A5AC /* Extension.swift */,
				FAB5F3F32A8914AD00B5A5AC /* PreviewProvider.swift */,
				FAB5F3F92A89157F00B5A5AC /* ScaledFont.swift */,
			);
			path = Extensions;
			sourceTree = "<group>";
		};
		FAB5F3E82A890C9800B5A5AC /* Assets */ = {
			isa = PBXGroup;
			children = (
				FAB5F3B72A890A9800B5A5AC /* Assets.xcassets */,
			);
			path = Assets;
			sourceTree = "<group>";
		};
		FAB5F3E92A890CA000B5A5AC /* Styles */ = {
			isa = PBXGroup;
			children = (
				FAB5F4212A89191B00B5A5AC /* AngularButtonStyle.swift */,
				FAB5F41F2A89191A00B5A5AC /* ForegroundLinearGradient.swift */,
				FAB5F41E2A89191A00B5A5AC /* InputStyle.swift */,
				FAB5F4222A89191B00B5A5AC /* RoundedCorner.swift */,
				FAB5F4202A89191B00B5A5AC /* StrokeStyle.swift */,
			);
			path = Styles;
			sourceTree = "<group>";
		};
		FAB5F3EA2A890CA900B5A5AC /* Animations */ = {
			isa = PBXGroup;
			children = (
				FAB5F3FB2A89167000B5A5AC /* Animation.swift */,
				FAB5F3FD2A89167E00B5A5AC /* AnimatedCircles.swift */,
			);
			path = Animations;
			sourceTree = "<group>";
		};
		FAB5F3FF2A89171E00B5A5AC /* ViewModels */ = {
			isa = PBXGroup;
			children = (
				FAB5F4002A89171E00B5A5AC /* HomeViewModel.swift */,
			);
			path = ViewModels;
			sourceTree = "<group>";
		};
		FAB5F40C2A89187600B5A5AC /* CoinImage */ = {
			isa = PBXGroup;
			children = (
				FAB5F40D2A89187600B5A5AC /* CoinLogoView.swift */,
				FAB5F40E2A89187600B5A5AC /* CoinImageViewModel.swift */,
				FAB5F40F2A89187600B5A5AC /* CoinImageView.swift */,
			);
			path = CoinImage;
			sourceTree = "<group>";
		};
		FAB5F4132A89188400B5A5AC /* Buttons */ = {
			isa = PBXGroup;
			children = (
				FAB5F4142A89188400B5A5AC /* CircleButtonView.swift */,
				FAB5F4152A89188400B5A5AC /* XMarkButton.swift */,
				FAB5F4162A89188400B5A5AC /* ProfileButtons.swift */,
				FAB5F4172A89188400B5A5AC /* LongButton.swift */,
				FAB5F4182A89188400B5A5AC /* SaveButtonAnimated.swift */,
			);
			path = Buttons;
			sourceTree = "<group>";
		};
/* End PBXGroup section */

/* Begin PBXNativeTarget section */
		FAB5F3AF2A890A9400B5A5AC /* Braze_Version_2.0 */ = {
			isa = PBXNativeTarget;
			buildConfigurationList = FAB5F3D92A890A9900B5A5AC /* Build configuration list for PBXNativeTarget "Braze_Version_2.0" */;
			buildPhases = (
				FAB5F3AC2A890A9400B5A5AC /* Sources */,
				FAB5F3AD2A890A9400B5A5AC /* Frameworks */,
				FAB5F3AE2A890A9400B5A5AC /* Resources */,
			);
			buildRules = (
			);
			dependencies = (
			);
			name = Braze_Version_2.0;
			productName = Braze_Version_2.0;
			productReference = FAB5F3B02A890A9400B5A5AC /* Braze_Version_2.0.app */;
			productType = "com.apple.product-type.application";
		};
		FAB5F3C42A890A9800B5A5AC /* Braze_Version_2.0Tests */ = {
			isa = PBXNativeTarget;
			buildConfigurationList = FAB5F3DC2A890A9900B5A5AC /* Build configuration list for PBXNativeTarget "Braze_Version_2.0Tests" */;
			buildPhases = (
				FAB5F3C12A890A9800B5A5AC /* Sources */,
				FAB5F3C22A890A9800B5A5AC /* Frameworks */,
				FAB5F3C32A890A9800B5A5AC /* Resources */,
			);
			buildRules = (
			);
			dependencies = (
				FAB5F3C72A890A9800B5A5AC /* PBXTargetDependency */,
			);
			name = Braze_Version_2.0Tests;
			productName = Braze_Version_2.0Tests;
			productReference = FAB5F3C52A890A9800B5A5AC /* Braze_Version_2.0Tests.xctest */;
			productType = "com.apple.product-type.bundle.unit-test";
		};
		FAB5F3CE2A890A9800B5A5AC /* Braze_Version_2.0UITests */ = {
			isa = PBXNativeTarget;
			buildConfigurationList = FAB5F3DF2A890A9900B5A5AC /* Build configuration list for PBXNativeTarget "Braze_Version_2.0UITests" */;
			buildPhases = (
				FAB5F3CB2A890A9800B5A5AC /* Sources */,
				FAB5F3CC2A890A9800B5A5AC /* Frameworks */,
				FAB5F3CD2A890A9800B5A5AC /* Resources */,
			);
			buildRules = (
			);
			dependencies = (
				FAB5F3D12A890A9800B5A5AC /* PBXTargetDependency */,
			);
			name = Braze_Version_2.0UITests;
			productName = Braze_Version_2.0UITests;
			productReference = FAB5F3CF2A890A9800B5A5AC /* Braze_Version_2.0UITests.xctest */;
			productType = "com.apple.product-type.bundle.ui-testing";
		};
/* End PBXNativeTarget section */

/* Begin PBXProject section */
		FAB5F3A82A890A9400B5A5AC /* Project object */ = {
			isa = PBXProject;
			attributes = {
				BuildIndependentTargetsInParallel = 1;
				LastSwiftUpdateCheck = 1500;
				LastUpgradeCheck = 1500;
				TargetAttributes = {
					FAB5F3AF2A890A9400B5A5AC = {
						CreatedOnToolsVersion = 15.0;
					};
					FAB5F3C42A890A9800B5A5AC = {
						CreatedOnToolsVersion = 15.0;
						TestTargetID = FAB5F3AF2A890A9400B5A5AC;
					};
					FAB5F3CE2A890A9800B5A5AC = {
						CreatedOnToolsVersion = 15.0;
						TestTargetID = FAB5F3AF2A890A9400B5A5AC;
					};
				};
			};
			buildConfigurationList = FAB5F3AB2A890A9400B5A5AC /* Build configuration list for PBXProject "Braze_Version_2.0" */;
			compatibilityVersion = "Xcode 14.0";
			developmentRegion = en;
			hasScannedForEncodings = 0;
			knownRegions = (
				en,
				Base,
			);
			mainGroup = FAB5F3A72A890A9400B5A5AC;
			productRefGroup = FAB5F3B12A890A9400B5A5AC /* Products */;
			projectDirPath = "";
			projectRoot = "";
			targets = (
				FAB5F3AF2A890A9400B5A5AC /* Braze_Version_2.0 */,
				FAB5F3C42A890A9800B5A5AC /* Braze_Version_2.0Tests */,
				FAB5F3CE2A890A9800B5A5AC /* Braze_Version_2.0UITests */,
			);
		};
/* End PBXProject section */

/* Begin PBXResourcesBuildPhase section */
		FAB5F3AE2A890A9400B5A5AC /* Resources */ = {
			isa = PBXResourcesBuildPhase;
			buildActionMask = 2147483647;
			files = (
				FAB5F3BB2A890A9800B5A5AC /* Preview Assets.xcassets in Resources */,
				FA3C6BAF2A898B3D00B9FFC8 /* Braze_Version_2.0 in Resources */,
				FAB5F3B82A890A9800B5A5AC /* Assets.xcassets in Resources */,
			);
			runOnlyForDeploymentPostprocessing = 0;
		};
		FAB5F3C32A890A9800B5A5AC /* Resources */ = {
			isa = PBXResourcesBuildPhase;
			buildActionMask = 2147483647;
			files = (
			);
			runOnlyForDeploymentPostprocessing = 0;
		};
		FAB5F3CD2A890A9800B5A5AC /* Resources */ = {
			isa = PBXResourcesBuildPhase;
			buildActionMask = 2147483647;
			files = (
			);
			runOnlyForDeploymentPostprocessing = 0;
		};
/* End PBXResourcesBuildPhase section */

/* Begin PBXSourcesBuildPhase section */
		FAB5F3AC2A890A9400B5A5AC /* Sources */ = {
			isa = PBXSourcesBuildPhase;
			buildActionMask = 2147483647;
			files = (
				FA3C6BB12A898B6000B9FFC8 /* LaunchScreenStateManager.swift in Sources */,
				FAB5F4372A8919B700B5A5AC /* MarketDataService.swift in Sources */,
				FAB5F41B2A89188400B5A5AC /* ProfileButtons.swift in Sources */,
				FAB5F3EE2A8912DE00B5A5AC /* MarketDataModel.swift in Sources */,
				FAB5F3B62A890A9400B5A5AC /* HomeView.swift in Sources */,
				FA3C6BAC2A89686A00B9FFC8 /* CoinModel.swift in Sources */,
				FAB5F3F62A8914C400B5A5AC /* Color.swift in Sources */,
				FAB5F4122A89187600B5A5AC /* CoinImageView.swift in Sources */,
				FAB5F40A2A89176600B5A5AC /* AddCoinPortfolioView.swift in Sources */,
				FAB5F4092A89176600B5A5AC /* NoCoinView.swift in Sources */,
				FAB5F3B42A890A9400B5A5AC /* Braze_Version_2_0App.swift in Sources */,
				FAB5F4272A89191B00B5A5AC /* RoundedCorner.swift in Sources */,
				FAB5F43D2A891AEE00B5A5AC /* PreferenceKeys.swift in Sources */,
				FAB5F4242A89191B00B5A5AC /* ForegroundLinearGradient.swift in Sources */,
				FAB5F4262A89191B00B5A5AC /* AngularButtonStyle.swift in Sources */,
				FAB5F42F2A89197400B5A5AC /* MarketStatisticsCard.swift in Sources */,
				FAB5F40B2A89176600B5A5AC /* CoinInfoSnippetView.swift in Sources */,
				FAB5F3EC2A89128B00B5A5AC /* StatisticsModel.swift in Sources */,
				FAB5F4072A89176600B5A5AC /* PortfolioRowViews.swift in Sources */,
				FAB5F3FA2A89157F00B5A5AC /* ScaledFont.swift in Sources */,
				FAB5F42D2A89197400B5A5AC /* ExpandableText.swift in Sources */,
				FAB5F4352A8919B700B5A5AC /* CoinDataService.swift in Sources */,
				FAB5F4232A89191B00B5A5AC /* InputStyle.swift in Sources */,
				FAB5F42E2A89197400B5A5AC /* HeaderView.swift in Sources */,
				FAB5F3C02A890A9800B5A5AC /* PortfolioEntity.xcdatamodeld in Sources */,
				FAB5F3F42A8914AD00B5A5AC /* PreviewProvider.swift in Sources */,
				FAB5F3F82A89152D00B5A5AC /* Double.swift in Sources */,
				FAB5F41D2A89188400B5A5AC /* SaveButtonAnimated.swift in Sources */,
				FAB5F3F22A89149300B5A5AC /* Extension.swift in Sources */,
				FAB5F4082A89176600B5A5AC /* CoinRowViews.swift in Sources */,
				FAB5F43E2A891AEE00B5A5AC /* HapticManager.swift in Sources */,
				FAB5F41C2A89188400B5A5AC /* LongButton.swift in Sources */,
				FAB5F4342A8919B700B5A5AC /* PortfolioDataService.swift in Sources */,
				FAB5F43F2A891AEE00B5A5AC /* NetworkingManager.swift in Sources */,
				FAB5F4252A89191B00B5A5AC /* StrokeStyle.swift in Sources */,
				FAB5F4192A89188400B5A5AC /* CircleButtonView.swift in Sources */,
				FAB5F3FE2A89167E00B5A5AC /* AnimatedCircles.swift in Sources */,
				FAB5F4012A89171E00B5A5AC /* HomeViewModel.swift in Sources */,
				FAB5F41A2A89188400B5A5AC /* XMarkButton.swift in Sources */,
				FAB5F4112A89187600B5A5AC /* CoinImageViewModel.swift in Sources */,
				FAB5F3FC2A89167100B5A5AC /* Animation.swift in Sources */,
				FAB5F42C2A89197400B5A5AC /* SearchBarView.swift in Sources */,
				FAB5F4362A8919B700B5A5AC /* CoinImageService.swift in Sources */,
				FAB5F4102A89187600B5A5AC /* CoinLogoView.swift in Sources */,
				FAB5F43C2A891AEE00B5A5AC /* LocalFileManager.swift in Sources */,
			);
			runOnlyForDeploymentPostprocessing = 0;
		};
		FAB5F3C12A890A9800B5A5AC /* Sources */ = {
			isa = PBXSourcesBuildPhase;
			buildActionMask = 2147483647;
			files = (
				FAB5F3CA2A890A9800B5A5AC /* Braze_Version_2_0Tests.swift in Sources */,
			);
			runOnlyForDeploymentPostprocessing = 0;
		};
		FAB5F3CB2A890A9800B5A5AC /* Sources */ = {
			isa = PBXSourcesBuildPhase;
			buildActionMask = 2147483647;
			files = (
				FAB5F3D62A890A9900B5A5AC /* Braze_Version_2_0UITestsLaunchTests.swift in Sources */,
				FAB5F3D42A890A9800B5A5AC /* Braze_Version_2_0UITests.swift in Sources */,
			);
			runOnlyForDeploymentPostprocessing = 0;
		};
/* End PBXSourcesBuildPhase section */

/* Begin PBXTargetDependency section */
		FAB5F3C72A890A9800B5A5AC /* PBXTargetDependency */ = {
			isa = PBXTargetDependency;
			target = FAB5F3AF2A890A9400B5A5AC /* Braze_Version_2.0 */;
			targetProxy = FAB5F3C62A890A9800B5A5AC /* PBXContainerItemProxy */;
		};
		FAB5F3D12A890A9800B5A5AC /* PBXTargetDependency */ = {
			isa = PBXTargetDependency;
			target = FAB5F3AF2A890A9400B5A5AC /* Braze_Version_2.0 */;
			targetProxy = FAB5F3D02A890A9800B5A5AC /* PBXContainerItemProxy */;
		};
/* End PBXTargetDependency section */

/* Begin XCBuildConfiguration section */
		FAB5F3D72A890A9900B5A5AC /* Debug */ = {
			isa = XCBuildConfiguration;
			buildSettings = {
				ALWAYS_SEARCH_USER_PATHS = NO;
				ASSETCATALOG_COMPILER_GENERATE_SWIFT_ASSET_SYMBOL_EXTENSIONS = YES;
				CLANG_ANALYZER_NONNULL = YES;
				CLANG_ANALYZER_NUMBER_OBJECT_CONVERSION = YES_AGGRESSIVE;
				CLANG_CXX_LANGUAGE_STANDARD = "gnu++20";
				CLANG_ENABLE_MODULES = YES;
				CLANG_ENABLE_OBJC_ARC = YES;
				CLANG_ENABLE_OBJC_WEAK = YES;
				CLANG_WARN_BLOCK_CAPTURE_AUTORELEASING = YES;
				CLANG_WARN_BOOL_CONVERSION = YES;
				CLANG_WARN_COMMA = YES;
				CLANG_WARN_CONSTANT_CONVERSION = YES;
				CLANG_WARN_DEPRECATED_OBJC_IMPLEMENTATIONS = YES;
				CLANG_WARN_DIRECT_OBJC_ISA_USAGE = YES_ERROR;
				CLANG_WARN_DOCUMENTATION_COMMENTS = YES;
				CLANG_WARN_EMPTY_BODY = YES;
				CLANG_WARN_ENUM_CONVERSION = YES;
				CLANG_WARN_INFINITE_RECURSION = YES;
				CLANG_WARN_INT_CONVERSION = YES;
				CLANG_WARN_NON_LITERAL_NULL_CONVERSION = YES;
				CLANG_WARN_OBJC_IMPLICIT_RETAIN_SELF = YES;
				CLANG_WARN_OBJC_LITERAL_CONVERSION = YES;
				CLANG_WARN_OBJC_ROOT_CLASS = YES_ERROR;
				CLANG_WARN_QUOTED_INCLUDE_IN_FRAMEWORK_HEADER = YES;
				CLANG_WARN_RANGE_LOOP_ANALYSIS = YES;
				CLANG_WARN_STRICT_PROTOTYPES = YES;
				CLANG_WARN_SUSPICIOUS_MOVE = YES;
				CLANG_WARN_UNGUARDED_AVAILABILITY = YES_AGGRESSIVE;
				CLANG_WARN_UNREACHABLE_CODE = YES;
				CLANG_WARN__DUPLICATE_METHOD_MATCH = YES;
				COPY_PHASE_STRIP = NO;
				DEBUG_INFORMATION_FORMAT = dwarf;
				ENABLE_STRICT_OBJC_MSGSEND = YES;
				ENABLE_TESTABILITY = YES;
				ENABLE_USER_SCRIPT_SANDBOXING = YES;
				GCC_C_LANGUAGE_STANDARD = gnu17;
				GCC_DYNAMIC_NO_PIC = NO;
				GCC_NO_COMMON_BLOCKS = YES;
				GCC_OPTIMIZATION_LEVEL = 0;
				GCC_PREPROCESSOR_DEFINITIONS = (
					"DEBUG=1",
					"$(inherited)",
				);
				GCC_WARN_64_TO_32_BIT_CONVERSION = YES;
				GCC_WARN_ABOUT_RETURN_TYPE = YES_ERROR;
				GCC_WARN_UNDECLARED_SELECTOR = YES;
				GCC_WARN_UNINITIALIZED_AUTOS = YES_AGGRESSIVE;
				GCC_WARN_UNUSED_FUNCTION = YES;
				GCC_WARN_UNUSED_VARIABLE = YES;
				IPHONEOS_DEPLOYMENT_TARGET = 17.0;
				LOCALIZATION_PREFERS_STRING_CATALOGS = YES;
				MTL_ENABLE_DEBUG_INFO = INCLUDE_SOURCE;
				MTL_FAST_MATH = YES;
				ONLY_ACTIVE_ARCH = YES;
				SDKROOT = iphoneos;
				SWIFT_ACTIVE_COMPILATION_CONDITIONS = "DEBUG $(inherited)";
				SWIFT_OPTIMIZATION_LEVEL = "-Onone";
			};
			name = Debug;
		};
		FAB5F3D82A890A9900B5A5AC /* Release */ = {
			isa = XCBuildConfiguration;
			buildSettings = {
				ALWAYS_SEARCH_USER_PATHS = NO;
				ASSETCATALOG_COMPILER_GENERATE_SWIFT_ASSET_SYMBOL_EXTENSIONS = YES;
				CLANG_ANALYZER_NONNULL = YES;
				CLANG_ANALYZER_NUMBER_OBJECT_CONVERSION = YES_AGGRESSIVE;
				CLANG_CXX_LANGUAGE_STANDARD = "gnu++20";
				CLANG_ENABLE_MODULES = YES;
				CLANG_ENABLE_OBJC_ARC = YES;
				CLANG_ENABLE_OBJC_WEAK = YES;
				CLANG_WARN_BLOCK_CAPTURE_AUTORELEASING = YES;
				CLANG_WARN_BOOL_CONVERSION = YES;
				CLANG_WARN_COMMA = YES;
				CLANG_WARN_CONSTANT_CONVERSION = YES;
				CLANG_WARN_DEPRECATED_OBJC_IMPLEMENTATIONS = YES;
				CLANG_WARN_DIRECT_OBJC_ISA_USAGE = YES_ERROR;
				CLANG_WARN_DOCUMENTATION_COMMENTS = YES;
				CLANG_WARN_EMPTY_BODY = YES;
				CLANG_WARN_ENUM_CONVERSION = YES;
				CLANG_WARN_INFINITE_RECURSION = YES;
				CLANG_WARN_INT_CONVERSION = YES;
				CLANG_WARN_NON_LITERAL_NULL_CONVERSION = YES;
				CLANG_WARN_OBJC_IMPLICIT_RETAIN_SELF = YES;
				CLANG_WARN_OBJC_LITERAL_CONVERSION = YES;
				CLANG_WARN_OBJC_ROOT_CLASS = YES_ERROR;
				CLANG_WARN_QUOTED_INCLUDE_IN_FRAMEWORK_HEADER = YES;
				CLANG_WARN_RANGE_LOOP_ANALYSIS = YES;
				CLANG_WARN_STRICT_PROTOTYPES = YES;
				CLANG_WARN_SUSPICIOUS_MOVE = YES;
				CLANG_WARN_UNGUARDED_AVAILABILITY = YES_AGGRESSIVE;
				CLANG_WARN_UNREACHABLE_CODE = YES;
				CLANG_WARN__DUPLICATE_METHOD_MATCH = YES;
				COPY_PHASE_STRIP = NO;
				DEBUG_INFORMATION_FORMAT = "dwarf-with-dsym";
				ENABLE_NS_ASSERTIONS = NO;
				ENABLE_STRICT_OBJC_MSGSEND = YES;
				ENABLE_USER_SCRIPT_SANDBOXING = YES;
				GCC_C_LANGUAGE_STANDARD = gnu17;
				GCC_NO_COMMON_BLOCKS = YES;
				GCC_WARN_64_TO_32_BIT_CONVERSION = YES;
				GCC_WARN_ABOUT_RETURN_TYPE = YES_ERROR;
				GCC_WARN_UNDECLARED_SELECTOR = YES;
				GCC_WARN_UNINITIALIZED_AUTOS = YES_AGGRESSIVE;
				GCC_WARN_UNUSED_FUNCTION = YES;
				GCC_WARN_UNUSED_VARIABLE = YES;
				IPHONEOS_DEPLOYMENT_TARGET = 17.0;
				LOCALIZATION_PREFERS_STRING_CATALOGS = YES;
				MTL_ENABLE_DEBUG_INFO = NO;
				MTL_FAST_MATH = YES;
				SDKROOT = iphoneos;
				SWIFT_COMPILATION_MODE = wholemodule;
				VALIDATE_PRODUCT = YES;
			};
			name = Release;
		};
		FAB5F3DA2A890A9900B5A5AC /* Debug */ = {
			isa = XCBuildConfiguration;
			buildSettings = {
				ASSETCATALOG_COMPILER_APPICON_NAME = AppIcon;
				ASSETCATALOG_COMPILER_GLOBAL_ACCENT_COLOR_NAME = AccentColor;
				ASSETCATALOG_COMPILER_INCLUDE_ALL_APPICON_ASSETS = YES;
				CODE_SIGN_STYLE = Automatic;
				CURRENT_PROJECT_VERSION = 1;
				DEVELOPMENT_ASSET_PATHS = "\"Braze_Version_2.0/Preview Content\"";
				DEVELOPMENT_TEAM = 7UN46XANF2;
				EMBED_ASSET_PACKS_IN_PRODUCT_BUNDLE = YES;
				ENABLE_PREVIEWS = YES;
				GENERATE_INFOPLIST_FILE = YES;
				INFOPLIST_FILE = "Braze-Version-2-0-Info.plist";
				INFOPLIST_KEY_CFBundleDisplayName = Braze;
				INFOPLIST_KEY_LSApplicationCategoryType = "public.app-category.finance";
				INFOPLIST_KEY_UIApplicationSceneManifest_Generation = YES;
				INFOPLIST_KEY_UIApplicationSupportsIndirectInputEvents = YES;
				INFOPLIST_KEY_UILaunchScreen_Generation = YES;
				INFOPLIST_KEY_UILaunchStoryboardName = "";
				INFOPLIST_KEY_UISupportedInterfaceOrientations = UIInterfaceOrientationPortrait;
				INFOPLIST_KEY_UISupportedInterfaceOrientations_iPad = "UIInterfaceOrientationLandscapeLeft UIInterfaceOrientationLandscapeRight UIInterfaceOrientationPortrait UIInterfaceOrientationPortraitUpsideDown";
				IPHONEOS_DEPLOYMENT_TARGET = 16.0;
				LD_RUNPATH_SEARCH_PATHS = (
					"$(inherited)",
					"@executable_path/Frameworks",
				);
				MARKETING_VERSION = 1.0;
				PRODUCT_BUNDLE_IDENTIFIER = "Tenduts.Braze-Version-2-0";
				PRODUCT_NAME = "$(TARGET_NAME)";
				SWIFT_EMIT_LOC_STRINGS = YES;
				SWIFT_VERSION = 5.0;
				TARGETED_DEVICE_FAMILY = "1,2";
			};
			name = Debug;
		};
		FAB5F3DB2A890A9900B5A5AC /* Release */ = {
			isa = XCBuildConfiguration;
			buildSettings = {
				ASSETCATALOG_COMPILER_APPICON_NAME = AppIcon;
				ASSETCATALOG_COMPILER_GLOBAL_ACCENT_COLOR_NAME = AccentColor;
				ASSETCATALOG_COMPILER_INCLUDE_ALL_APPICON_ASSETS = YES;
				CODE_SIGN_STYLE = Automatic;
				CURRENT_PROJECT_VERSION = 1;
				DEVELOPMENT_ASSET_PATHS = "\"Braze_Version_2.0/Preview Content\"";
				DEVELOPMENT_TEAM = 7UN46XANF2;
				EMBED_ASSET_PACKS_IN_PRODUCT_BUNDLE = YES;
				ENABLE_PREVIEWS = YES;
				GENERATE_INFOPLIST_FILE = YES;
				INFOPLIST_FILE = "Braze-Version-2-0-Info.plist";
				INFOPLIST_KEY_CFBundleDisplayName = Braze;
				INFOPLIST_KEY_LSApplicationCategoryType = "public.app-category.finance";
				INFOPLIST_KEY_UIApplicationSceneManifest_Generation = YES;
				INFOPLIST_KEY_UIApplicationSupportsIndirectInputEvents = YES;
				INFOPLIST_KEY_UILaunchScreen_Generation = YES;
				INFOPLIST_KEY_UILaunchStoryboardName = "";
				INFOPLIST_KEY_UISupportedInterfaceOrientations = UIInterfaceOrientationPortrait;
				INFOPLIST_KEY_UISupportedInterfaceOrientations_iPad = "UIInterfaceOrientationLandscapeLeft UIInterfaceOrientationLandscapeRight UIInterfaceOrientationPortrait UIInterfaceOrientationPortraitUpsideDown";
				IPHONEOS_DEPLOYMENT_TARGET = 16.0;
				LD_RUNPATH_SEARCH_PATHS = (
					"$(inherited)",
					"@executable_path/Frameworks",
				);
				MARKETING_VERSION = 1.0;
				PRODUCT_BUNDLE_IDENTIFIER = "Tenduts.Braze-Version-2-0";
				PRODUCT_NAME = "$(TARGET_NAME)";
				SWIFT_EMIT_LOC_STRINGS = YES;
				SWIFT_VERSION = 5.0;
				TARGETED_DEVICE_FAMILY = "1,2";
			};
			name = Release;
		};
		FAB5F3DD2A890A9900B5A5AC /* Debug */ = {
			isa = XCBuildConfiguration;
			buildSettings = {
				ALWAYS_EMBED_SWIFT_STANDARD_LIBRARIES = YES;
				BUNDLE_LOADER = "$(TEST_HOST)";
				CODE_SIGN_STYLE = Automatic;
				CURRENT_PROJECT_VERSION = 1;
				DEVELOPMENT_TEAM = 7UN46XANF2;
				GENERATE_INFOPLIST_FILE = YES;
				IPHONEOS_DEPLOYMENT_TARGET = 17.0;
				MARKETING_VERSION = 1.0;
				PRODUCT_BUNDLE_IDENTIFIER = "Tenduts.Braze-Version-2-0Tests";
				PRODUCT_NAME = "$(TARGET_NAME)";
				SWIFT_EMIT_LOC_STRINGS = NO;
				SWIFT_VERSION = 5.0;
				TARGETED_DEVICE_FAMILY = "1,2";
				TEST_HOST = "$(BUILT_PRODUCTS_DIR)/Braze_Version_2.0.app/$(BUNDLE_EXECUTABLE_FOLDER_PATH)/Braze_Version_2.0";
			};
			name = Debug;
		};
		FAB5F3DE2A890A9900B5A5AC /* Release */ = {
			isa = XCBuildConfiguration;
			buildSettings = {
				ALWAYS_EMBED_SWIFT_STANDARD_LIBRARIES = YES;
				BUNDLE_LOADER = "$(TEST_HOST)";
				CODE_SIGN_STYLE = Automatic;
				CURRENT_PROJECT_VERSION = 1;
				DEVELOPMENT_TEAM = 7UN46XANF2;
				GENERATE_INFOPLIST_FILE = YES;
				IPHONEOS_DEPLOYMENT_TARGET = 17.0;
				MARKETING_VERSION = 1.0;
				PRODUCT_BUNDLE_IDENTIFIER = "Tenduts.Braze-Version-2-0Tests";
				PRODUCT_NAME = "$(TARGET_NAME)";
				SWIFT_EMIT_LOC_STRINGS = NO;
				SWIFT_VERSION = 5.0;
				TARGETED_DEVICE_FAMILY = "1,2";
				TEST_HOST = "$(BUILT_PRODUCTS_DIR)/Braze_Version_2.0.app/$(BUNDLE_EXECUTABLE_FOLDER_PATH)/Braze_Version_2.0";
			};
			name = Release;
		};
		FAB5F3E02A890A9900B5A5AC /* Debug */ = {
			isa = XCBuildConfiguration;
			buildSettings = {
				ALWAYS_EMBED_SWIFT_STANDARD_LIBRARIES = YES;
				CODE_SIGN_STYLE = Automatic;
				CURRENT_PROJECT_VERSION = 1;
				DEVELOPMENT_TEAM = 7UN46XANF2;
				GENERATE_INFOPLIST_FILE = YES;
				MARKETING_VERSION = 1.0;
				PRODUCT_BUNDLE_IDENTIFIER = "Tenduts.Braze-Version-2-0UITests";
				PRODUCT_NAME = "$(TARGET_NAME)";
				SWIFT_EMIT_LOC_STRINGS = NO;
				SWIFT_VERSION = 5.0;
				TARGETED_DEVICE_FAMILY = "1,2";
				TEST_TARGET_NAME = Braze_Version_2.0;
			};
			name = Debug;
		};
		FAB5F3E12A890A9900B5A5AC /* Release */ = {
			isa = XCBuildConfiguration;
			buildSettings = {
				ALWAYS_EMBED_SWIFT_STANDARD_LIBRARIES = YES;
				CODE_SIGN_STYLE = Automatic;
				CURRENT_PROJECT_VERSION = 1;
				DEVELOPMENT_TEAM = 7UN46XANF2;
				GENERATE_INFOPLIST_FILE = YES;
				MARKETING_VERSION = 1.0;
				PRODUCT_BUNDLE_IDENTIFIER = "Tenduts.Braze-Version-2-0UITests";
				PRODUCT_NAME = "$(TARGET_NAME)";
				SWIFT_EMIT_LOC_STRINGS = NO;
				SWIFT_VERSION = 5.0;
				TARGETED_DEVICE_FAMILY = "1,2";
				TEST_TARGET_NAME = Braze_Version_2.0;
			};
			name = Release;
		};
/* End XCBuildConfiguration section */

/* Begin XCConfigurationList section */
		FAB5F3AB2A890A9400B5A5AC /* Build configuration list for PBXProject "Braze_Version_2.0" */ = {
			isa = XCConfigurationList;
			buildConfigurations = (
				FAB5F3D72A890A9900B5A5AC /* Debug */,
				FAB5F3D82A890A9900B5A5AC /* Release */,
			);
			defaultConfigurationIsVisible = 0;
			defaultConfigurationName = Release;
		};
		FAB5F3D92A890A9900B5A5AC /* Build configuration list for PBXNativeTarget "Braze_Version_2.0" */ = {
			isa = XCConfigurationList;
			buildConfigurations = (
				FAB5F3DA2A890A9900B5A5AC /* Debug */,
				FAB5F3DB2A890A9900B5A5AC /* Release */,
			);
			defaultConfigurationIsVisible = 0;
			defaultConfigurationName = Release;
		};
		FAB5F3DC2A890A9900B5A5AC /* Build configuration list for PBXNativeTarget "Braze_Version_2.0Tests" */ = {
			isa = XCConfigurationList;
			buildConfigurations = (
				FAB5F3DD2A890A9900B5A5AC /* Debug */,
				FAB5F3DE2A890A9900B5A5AC /* Release */,
			);
			defaultConfigurationIsVisible = 0;
			defaultConfigurationName = Release;
		};
		FAB5F3DF2A890A9900B5A5AC /* Build configuration list for PBXNativeTarget "Braze_Version_2.0UITests" */ = {
			isa = XCConfigurationList;
			buildConfigurations = (
				FAB5F3E02A890A9900B5A5AC /* Debug */,
				FAB5F3E12A890A9900B5A5AC /* Release */,
			);
			defaultConfigurationIsVisible = 0;
			defaultConfigurationName = Release;
		};
/* End XCConfigurationList section */

/* Begin XCVersionGroup section */
		FAB5F3BE2A890A9800B5A5AC /* PortfolioEntity.xcdatamodeld */ = {
			isa = XCVersionGroup;
			children = (
				FAB5F3BF2A890A9800B5A5AC /* Braze_Version_2_0.xcdatamodel */,
			);
			currentVersion = FAB5F3BF2A890A9800B5A5AC /* Braze_Version_2_0.xcdatamodel */;
			path = PortfolioEntity.xcdatamodeld;
			sourceTree = "<group>";
			versionGroupType = wrapper.xcdatamodel;
		};
/* End XCVersionGroup section */
	};
	rootObject = FAB5F3A82A890A9400B5A5AC /* Project object */;
}
